
Microsoft Visual Studio Solution File, Format Version 12.00
# Visual Studio Version 17
VisualStudioVersion = 17.2.32408.312
MinimumVisualStudioVersion = 10.0.40219.1
Project("{9A19103F-16F7-4668-BE54-9A1E7A4F7556}") = "DesignPattern", "DesignPattern\DesignPattern.csproj", "{4F2E430F-8999-4D1D-990E-8F202345FD00}"
EndProject
Project("{9A19103F-16F7-4668-BE54-9A1E7A4F7556}") = "Decorator", "Decorator\Decorator.csproj", "{C16E218F-C9D1-4276-B168-3898CAE5FAA3}"
EndProject
Project("{9A19103F-16F7-4668-BE54-9A1E7A4F7556}") = "general", "general\general.csproj", "{52E24818-7B54-46E5-BED3-27394E3A5F3E}"
EndProject
Project("{9A19103F-16F7-4668-BE54-9A1E7A4F7556}") = "Bridge", "Bridge\Bridge.csproj", "{6CD886D0-D16B-4967-89B1-DE16AE23BD1A}"
EndProject
Project("{FAE04EC0-301F-11D3-BF4B-00C04F79EFBC}") = "Factory", "Factory\Factory.csproj", "{34F7869E-F169-40B0-BB98-4063E5D1B87D}"
EndProject
Global
	GlobalSection(SolutionConfigurationPlatforms) = preSolution
		Debug|Any CPU = Debug|Any CPU
		Release|Any CPU = Release|Any CPU
	EndGlobalSection
	GlobalSection(ProjectConfigurationPlatforms) = postSolution
		{4F2E430F-8999-4D1D-990E-8F202345FD00}.Debug|Any CPU.ActiveCfg = Debug|Any CPU
		{4F2E430F-8999-4D1D-990E-8F202345FD00}.Debug|Any CPU.Build.0 = Debug|Any CPU
		{4F2E430F-8999-4D1D-990E-8F202345FD00}.Release|Any CPU.ActiveCfg = Release|Any CPU
		{4F2E430F-8999-4D1D-990E-8F202345FD00}.Release|Any CPU.Build.0 = Release|Any CPU
		{C16E218F-C9D1-4276-B168-3898CAE5FAA3}.Debug|Any CPU.ActiveCfg = Debug|Any CPU
		{C16E218F-C9D1-4276-B168-3898CAE5FAA3}.Debug|Any CPU.Build.0 = Debug|Any CPU
		{C16E218F-C9D1-4276-B168-3898CAE5FAA3}.Release|Any CPU.ActiveCfg = Release|Any CPU
		{C16E218F-C9D1-4276-B168-3898CAE5FAA3}.Release|Any CPU.Build.0 = Release|Any CPU
		{52E24818-7B54-46E5-BED3-27394E3A5F3E}.Debug|Any CPU.ActiveCfg = Debug|Any CPU
		{52E24818-7B54-46E5-BED3-27394E3A5F3E}.Debug|Any CPU.Build.0 = Debug|Any CPU
		{52E24818-7B54-46E5-BED3-27394E3A5F3E}.Release|Any CPU.ActiveCfg = Release|Any CPU
		{52E24818-7B54-46E5-BED3-27394E3A5F3E}.Release|Any CPU.Build.0 = Release|Any CPU
		{6CD886D0-D16B-4967-89B1-DE16AE23BD1A}.Debug|Any CPU.ActiveCfg = Debug|Any CPU
		{6CD886D0-D16B-4967-89B1-DE16AE23BD1A}.Debug|Any CPU.Build.0 = Debug|Any CPU
		{6CD886D0-D16B-4967-89B1-DE16AE23BD1A}.Release|Any CPU.ActiveCfg = Release|Any CPU
		{6CD886D0-D16B-4967-89B1-DE16AE23BD1A}.Release|Any CPU.Build.0 = Release|Any CPU
		{34F7869E-F169-40B0-BB98-4063E5D1B87D}.Debug|Any CPU.ActiveCfg = Debug|Any CPU
		{34F7869E-F169-40B0-BB98-4063E5D1B87D}.Debug|Any CPU.Build.0 = Debug|Any CPU
		{34F7869E-F169-40B0-BB98-4063E5D1B87D}.Release|Any CPU.ActiveCfg = Release|Any CPU
		{34F7869E-F169-40B0-BB98-4063E5D1B87D}.Release|Any CPU.Build.0 = Release|Any CPU
	EndGlobalSection
	GlobalSection(SolutionProperties) = preSolution
		HideSolutionNode = FALSE
	EndGlobalSection
	GlobalSection(ExtensibilityGlobals) = postSolution
		SolutionGuid = {43CA2227-1C63-4930-B041-5EA86B4FC5D4}
	EndGlobalSection
EndGlobal
